
Microsoft Visual Studio Solution File, Format Version 12.00
# Visual Studio Version 17
VisualStudioVersion = 17.13.35806.99 d17.13
MinimumVisualStudioVersion = 10.0.40219.1
Project("{FAE04EC0-301F-11D3-BF4B-00C04F79EFBC}") = "IceTaskThree", "IceTaskThree\IceTaskThree.csproj", "{2FE3D626-D451-4853-A27B-1961219E07BF}"
EndProject
Global
	GlobalSection(SolutionConfigurationPlatforms) = preSolution
		Debug|Any CPU = Debug|Any CPU
		Release|Any CPU = Release|Any CPU
	EndGlobalSection
	GlobalSection(ProjectConfigurationPlatforms) = postSolution
		{2FE3D626-D451-4853-A27B-1961219E07BF}.Debug|Any CPU.ActiveCfg = Debug|Any CPU
		{2FE3D626-D451-4853-A27B-1961219E07BF}.Debug|Any CPU.Build.0 = Debug|Any CPU
		{2FE3D626-D451-4853-A27B-1961219E07BF}.Release|Any CPU.ActiveCfg = Release|Any CPU
		{2FE3D626-D451-4853-A27B-1961219E07BF}.Release|Any CPU.Build.0 = Release|Any CPU
	EndGlobalSection
	GlobalSection(SolutionProperties) = preSolution
		HideSolutionNode = FALSE
	EndGlobalSection
	GlobalSection(ExtensibilityGlobals) = postSolution
		SolutionGuid = {C77A0B23-FA84-4BEC-BCA4-4CFD24C186E4}
	EndGlobalSection
EndGlobal
